// !$*UTF8*$!
{
	archiveVersion = 1;
	classes = {
	};
	objectVersion = 48;
	objects = {

/* Begin PBXBuildFile section */
		20D220240BB07DD6F7FBE1D9 /* Pods_MyMovie.framework in Frameworks */ = {isa = PBXBuildFile; fileRef = 1DC35B14A8468708BD596DE1 /* Pods_MyMovie.framework */; };
		843A10B920549DDF00C0F1AF /* Constants.swift in Sources */ = {isa = PBXBuildFile; fileRef = 843A10B820549DDF00C0F1AF /* Constants.swift */; };
		843A10BE2054A73600C0F1AF /* MainMoviesTableViewCell.swift in Sources */ = {isa = PBXBuildFile; fileRef = 843A10BD2054A73600C0F1AF /* MainMoviesTableViewCell.swift */; };
		843A10C52054AE2900C0F1AF /* MainMoviesCellViewMOdel.swift in Sources */ = {isa = PBXBuildFile; fileRef = 843A10C42054AE2900C0F1AF /* MainMoviesCellViewMOdel.swift */; };
		843A10C82054B13900C0F1AF /* ImageViewExtension.swift in Sources */ = {isa = PBXBuildFile; fileRef = 843A10C72054B13900C0F1AF /* ImageViewExtension.swift */; };
		843A10D020558AAA00C0F1AF /* LoadView.xib in Resources */ = {isa = PBXBuildFile; fileRef = 843A10CF20558AAA00C0F1AF /* LoadView.xib */; };
		843A10D320558B3A00C0F1AF /* ActivityView.swift in Sources */ = {isa = PBXBuildFile; fileRef = 843A10D220558B3A00C0F1AF /* ActivityView.swift */; };
		843A10D520558FBA00C0F1AF /* HomeMoviesTableViewCell.swift in Sources */ = {isa = PBXBuildFile; fileRef = 843A10D420558FBA00C0F1AF /* HomeMoviesTableViewCell.swift */; };
		843A10D720558FE400C0F1AF /* MainMoviesCollectionViewCell.swift in Sources */ = {isa = PBXBuildFile; fileRef = 843A10D620558FE400C0F1AF /* MainMoviesCollectionViewCell.swift */; };
		843A10D920558FF300C0F1AF /* HomeMoviesCollectionViewCell.swift in Sources */ = {isa = PBXBuildFile; fileRef = 843A10D820558FF300C0F1AF /* HomeMoviesCollectionViewCell.swift */; };
		843A10DE2055CF6300C0F1AF /* GenresTableViewController.swift in Sources */ = {isa = PBXBuildFile; fileRef = 843A10DD2055CF6300C0F1AF /* GenresTableViewController.swift */; };
		843A10E12055D0A700C0F1AF /* GenreTableViewCell.swift in Sources */ = {isa = PBXBuildFile; fileRef = 843A10E02055D0A700C0F1AF /* GenreTableViewCell.swift */; };
		843A10EA2055E41C00C0F1AF /* MovieListTableViewController.swift in Sources */ = {isa = PBXBuildFile; fileRef = 843A10E92055E41C00C0F1AF /* MovieListTableViewController.swift */; };
		843A10ED2055E63200C0F1AF /* MovieListTableViewCell.swift in Sources */ = {isa = PBXBuildFile; fileRef = 843A10EC2055E63200C0F1AF /* MovieListTableViewCell.swift */; };
		843A10F0205602C600C0F1AF /* MovieDetailTableViewController.swift in Sources */ = {isa = PBXBuildFile; fileRef = 843A10EF205602C600C0F1AF /* MovieDetailTableViewController.swift */; };
		843A10F2205608D200C0F1AF /* Delegates.swift in Sources */ = {isa = PBXBuildFile; fileRef = 843A10F1205608D200C0F1AF /* Delegates.swift */; };
		843A10F5205614D100C0F1AF /* Background.png in Resources */ = {isa = PBXBuildFile; fileRef = 843A10F4205614D100C0F1AF /* Background.png */; };
		849316DC2054225B00E6A25E /* AppDelegate.swift in Sources */ = {isa = PBXBuildFile; fileRef = 849316DB2054225B00E6A25E /* AppDelegate.swift */; };
		849316E32054225B00E6A25E /* Assets.xcassets in Resources */ = {isa = PBXBuildFile; fileRef = 849316E22054225B00E6A25E /* Assets.xcassets */; };
		849316E62054225B00E6A25E /* LaunchScreen.storyboard in Resources */ = {isa = PBXBuildFile; fileRef = 849316E42054225B00E6A25E /* LaunchScreen.storyboard */; };
		849316F12054275900E6A25E /* HomeTableViewController.swift in Sources */ = {isa = PBXBuildFile; fileRef = 849316F02054275900E6A25E /* HomeTableViewController.swift */; };
		849316F820543F9400E6A25E /* Main.storyboard in Resources */ = {isa = PBXBuildFile; fileRef = 849316F720543F9400E6A25E /* Main.storyboard */; };
		849316FB205443AC00E6A25E /* ApiProvider.swift in Sources */ = {isa = PBXBuildFile; fileRef = 849316FA205443AC00E6A25E /* ApiProvider.swift */; };
		849316FD205443B900E6A25E /* Movie.swift in Sources */ = {isa = PBXBuildFile; fileRef = 849316FC205443B900E6A25E /* Movie.swift */; };
		849316FF2054448100E6A25E /* Genre.swift in Sources */ = {isa = PBXBuildFile; fileRef = 849316FE2054448100E6A25E /* Genre.swift */; };
		849317032054504500E6A25E /* HomeTableViewModel.swift in Sources */ = {isa = PBXBuildFile; fileRef = 849317022054504500E6A25E /* HomeTableViewModel.swift */; };
/* End PBXBuildFile section */

/* Begin PBXFileReference section */
		1DC35B14A8468708BD596DE1 /* Pods_MyMovie.framework */ = {isa = PBXFileReference; explicitFileType = wrapper.framework; includeInIndex = 0; path = Pods_MyMovie.framework; sourceTree = BUILT_PRODUCTS_DIR; };
		59A006D70150016FADEAF4EC /* Pods-MyMovie.release.xcconfig */ = {isa = PBXFileReference; includeInIndex = 1; lastKnownFileType = text.xcconfig; name = "Pods-MyMovie.release.xcconfig"; path = "Pods/Target Support Files/Pods-MyMovie/Pods-MyMovie.release.xcconfig"; sourceTree = "<group>"; };
		843A10B820549DDF00C0F1AF /* Constants.swift */ = {isa = PBXFileReference; lastKnownFileType = sourcecode.swift; path = Constants.swift; sourceTree = "<group>"; };
		843A10BD2054A73600C0F1AF /* MainMoviesTableViewCell.swift */ = {isa = PBXFileReference; lastKnownFileType = sourcecode.swift; path = MainMoviesTableViewCell.swift; sourceTree = "<group>"; };
		843A10C42054AE2900C0F1AF /* MainMoviesCellViewMOdel.swift */ = {isa = PBXFileReference; lastKnownFileType = sourcecode.swift; path = MainMoviesCellViewMOdel.swift; sourceTree = "<group>"; };
		843A10C72054B13900C0F1AF /* ImageViewExtension.swift */ = {isa = PBXFileReference; lastKnownFileType = sourcecode.swift; path = ImageViewExtension.swift; sourceTree = "<group>"; };
		843A10CF20558AAA00C0F1AF /* LoadView.xib */ = {isa = PBXFileReference; lastKnownFileType = file.xib; path = LoadView.xib; sourceTree = "<group>"; };
		843A10D220558B3A00C0F1AF /* ActivityView.swift */ = {isa = PBXFileReference; lastKnownFileType = sourcecode.swift; path = ActivityView.swift; sourceTree = "<group>"; };
		843A10D420558FBA00C0F1AF /* HomeMoviesTableViewCell.swift */ = {isa = PBXFileReference; lastKnownFileType = sourcecode.swift; path = HomeMoviesTableViewCell.swift; sourceTree = "<group>"; };
		843A10D620558FE400C0F1AF /* MainMoviesCollectionViewCell.swift */ = {isa = PBXFileReference; lastKnownFileType = sourcecode.swift; path = MainMoviesCollectionViewCell.swift; sourceTree = "<group>"; };
		843A10D820558FF300C0F1AF /* HomeMoviesCollectionViewCell.swift */ = {isa = PBXFileReference; lastKnownFileType = sourcecode.swift; path = HomeMoviesCollectionViewCell.swift; sourceTree = "<group>"; };
		843A10DD2055CF6300C0F1AF /* GenresTableViewController.swift */ = {isa = PBXFileReference; lastKnownFileType = sourcecode.swift; path = GenresTableViewController.swift; sourceTree = "<group>"; };
		843A10E02055D0A700C0F1AF /* GenreTableViewCell.swift */ = {isa = PBXFileReference; lastKnownFileType = sourcecode.swift; path = GenreTableViewCell.swift; sourceTree = "<group>"; };
		843A10E92055E41C00C0F1AF /* MovieListTableViewController.swift */ = {isa = PBXFileReference; lastKnownFileType = sourcecode.swift; path = MovieListTableViewController.swift; sourceTree = "<group>"; };
		843A10EC2055E63200C0F1AF /* MovieListTableViewCell.swift */ = {isa = PBXFileReference; lastKnownFileType = sourcecode.swift; path = MovieListTableViewCell.swift; sourceTree = "<group>"; };
		843A10EF205602C600C0F1AF /* MovieDetailTableViewController.swift */ = {isa = PBXFileReference; lastKnownFileType = sourcecode.swift; path = MovieDetailTableViewController.swift; sourceTree = "<group>"; };
		843A10F1205608D200C0F1AF /* Delegates.swift */ = {isa = PBXFileReference; lastKnownFileType = sourcecode.swift; path = Delegates.swift; sourceTree = "<group>"; };
		843A10F4205614D100C0F1AF /* Background.png */ = {isa = PBXFileReference; lastKnownFileType = image.png; path = Background.png; sourceTree = "<group>"; };
		849316D82054225A00E6A25E /* MyMovie.app */ = {isa = PBXFileReference; explicitFileType = wrapper.application; includeInIndex = 0; path = MyMovie.app; sourceTree = BUILT_PRODUCTS_DIR; };
		849316DB2054225B00E6A25E /* AppDelegate.swift */ = {isa = PBXFileReference; lastKnownFileType = sourcecode.swift; path = AppDelegate.swift; sourceTree = "<group>"; };
		849316E22054225B00E6A25E /* Assets.xcassets */ = {isa = PBXFileReference; lastKnownFileType = folder.assetcatalog; path = Assets.xcassets; sourceTree = "<group>"; };
		849316E52054225B00E6A25E /* Base */ = {isa = PBXFileReference; lastKnownFileType = file.storyboard; name = Base; path = Base.lproj/LaunchScreen.storyboard; sourceTree = "<group>"; };
		849316E72054225B00E6A25E /* Info.plist */ = {isa = PBXFileReference; lastKnownFileType = text.plist.xml; path = Info.plist; sourceTree = "<group>"; };
		849316F02054275900E6A25E /* HomeTableViewController.swift */ = {isa = PBXFileReference; lastKnownFileType = sourcecode.swift; path = HomeTableViewController.swift; sourceTree = "<group>"; };
		849316F720543F9400E6A25E /* Main.storyboard */ = {isa = PBXFileReference; lastKnownFileType = file.storyboard; path = Main.storyboard; sourceTree = "<group>"; };
		849316FA205443AC00E6A25E /* ApiProvider.swift */ = {isa = PBXFileReference; lastKnownFileType = sourcecode.swift; path = ApiProvider.swift; sourceTree = "<group>"; };
		849316FC205443B900E6A25E /* Movie.swift */ = {isa = PBXFileReference; lastKnownFileType = sourcecode.swift; path = Movie.swift; sourceTree = "<group>"; };
		849316FE2054448100E6A25E /* Genre.swift */ = {isa = PBXFileReference; lastKnownFileType = sourcecode.swift; path = Genre.swift; sourceTree = "<group>"; };
		849317022054504500E6A25E /* HomeTableViewModel.swift */ = {isa = PBXFileReference; lastKnownFileType = sourcecode.swift; path = HomeTableViewModel.swift; sourceTree = "<group>"; };
		AF7CE9A5FF63117AA7C56EE6 /* Pods-MyMovie.debug.xcconfig */ = {isa = PBXFileReference; includeInIndex = 1; lastKnownFileType = text.xcconfig; name = "Pods-MyMovie.debug.xcconfig"; path = "Pods/Target Support Files/Pods-MyMovie/Pods-MyMovie.debug.xcconfig"; sourceTree = "<group>"; };
/* End PBXFileReference section */

/* Begin PBXFrameworksBuildPhase section */
		849316D52054225A00E6A25E /* Frameworks */ = {
			isa = PBXFrameworksBuildPhase;
			buildActionMask = 2147483647;
			files = (
				20D220240BB07DD6F7FBE1D9 /* Pods_MyMovie.framework in Frameworks */,
			);
			runOnlyForDeploymentPostprocessing = 0;
		};
/* End PBXFrameworksBuildPhase section */

/* Begin PBXGroup section */
		1089CE56A336751F9D08C714 /* Pods */ = {
			isa = PBXGroup;
			children = (
				AF7CE9A5FF63117AA7C56EE6 /* Pods-MyMovie.debug.xcconfig */,
				59A006D70150016FADEAF4EC /* Pods-MyMovie.release.xcconfig */,
			);
			name = Pods;
			sourceTree = "<group>";
		};
		843A10B720549DCC00C0F1AF /* Utils */ = {
			isa = PBXGroup;
			children = (
				843A10B820549DDF00C0F1AF /* Constants.swift */,
			);
			path = Utils;
			sourceTree = "<group>";
		};
		843A10BC2054A72000C0F1AF /* Cells */ = {
			isa = PBXGroup;
			children = (
				843A10BD2054A73600C0F1AF /* MainMoviesTableViewCell.swift */,
				843A10D420558FBA00C0F1AF /* HomeMoviesTableViewCell.swift */,
				843A10D620558FE400C0F1AF /* MainMoviesCollectionViewCell.swift */,
				843A10D820558FF300C0F1AF /* HomeMoviesCollectionViewCell.swift */,
			);
			path = Cells;
			sourceTree = "<group>";
		};
		843A10C12054ABA900C0F1AF /* Home */ = {
			isa = PBXGroup;
			children = (
				849316F02054275900E6A25E /* HomeTableViewController.swift */,
				843A10BC2054A72000C0F1AF /* Cells */,
			);
			path = Home;
			sourceTree = "<group>";
		};
		843A10C22054AD4000C0F1AF /* Home */ = {
			isa = PBXGroup;
			children = (
				843A10C32054ADFE00C0F1AF /* Cells */,
				849317022054504500E6A25E /* HomeTableViewModel.swift */,
			);
			path = Home;
			sourceTree = "<group>";
		};
		843A10C32054ADFE00C0F1AF /* Cells */ = {
			isa = PBXGroup;
			children = (
				843A10C42054AE2900C0F1AF /* MainMoviesCellViewMOdel.swift */,
			);
			path = Cells;
			sourceTree = "<group>";
		};
		843A10C62054B12700C0F1AF /* Extensions */ = {
			isa = PBXGroup;
			children = (
				843A10C72054B13900C0F1AF /* ImageViewExtension.swift */,
			);
			path = Extensions;
			sourceTree = "<group>";
		};
		843A10D120558B2600C0F1AF /* ActivityView */ = {
			isa = PBXGroup;
			children = (
				843A10D220558B3A00C0F1AF /* ActivityView.swift */,
			);
			path = ActivityView;
			sourceTree = "<group>";
		};
		843A10DC2055CF4F00C0F1AF /* Genres */ = {
			isa = PBXGroup;
			children = (
				843A10DF2055D09700C0F1AF /* Cells */,
				843A10DD2055CF6300C0F1AF /* GenresTableViewController.swift */,
			);
			path = Genres;
			sourceTree = "<group>";
		};
		843A10DF2055D09700C0F1AF /* Cells */ = {
			isa = PBXGroup;
			children = (
				843A10E02055D0A700C0F1AF /* GenreTableViewCell.swift */,
			);
			path = Cells;
			sourceTree = "<group>";
		};
		843A10E52055DBE300C0F1AF /* Delegates */ = {
			isa = PBXGroup;
			children = (
				843A10F1205608D200C0F1AF /* Delegates.swift */,
			);
			path = Delegates;
			sourceTree = "<group>";
		};
		843A10E82055E3F700C0F1AF /* Movie LIst */ = {
			isa = PBXGroup;
			children = (
				843A10EB2055E61400C0F1AF /* Cell */,
				843A10E92055E41C00C0F1AF /* MovieListTableViewController.swift */,
			);
			path = "Movie LIst";
			sourceTree = "<group>";
		};
		843A10EB2055E61400C0F1AF /* Cell */ = {
			isa = PBXGroup;
			children = (
				843A10EC2055E63200C0F1AF /* MovieListTableViewCell.swift */,
			);
			path = Cell;
			sourceTree = "<group>";
		};
		843A10EE205602AF00C0F1AF /* Movie Detail */ = {
			isa = PBXGroup;
			children = (
				843A10EF205602C600C0F1AF /* MovieDetailTableViewController.swift */,
			);
			path = "Movie Detail";
			sourceTree = "<group>";
		};
		843A10F3205614C100C0F1AF /* Resources */ = {
			isa = PBXGroup;
			children = (
				843A10F4205614D100C0F1AF /* Background.png */,
			);
			path = Resources;
			sourceTree = "<group>";
		};
		849316CF2054225A00E6A25E = {
			isa = PBXGroup;
			children = (
				849316DA2054225A00E6A25E /* MyMovie */,
				849316D92054225A00E6A25E /* Products */,
				1089CE56A336751F9D08C714 /* Pods */,
				CD097005604BF3301EB73D16 /* Frameworks */,
			);
			sourceTree = "<group>";
		};
		849316D92054225A00E6A25E /* Products */ = {
			isa = PBXGroup;
			children = (
				849316D82054225A00E6A25E /* MyMovie.app */,
			);
			name = Products;
			sourceTree = "<group>";
		};
		849316DA2054225A00E6A25E /* MyMovie */ = {
			isa = PBXGroup;
			children = (
				843A10F3205614C100C0F1AF /* Resources */,
				843A10EE205602AF00C0F1AF /* Movie Detail */,
				843A10E82055E3F700C0F1AF /* Movie LIst */,
				843A10E52055DBE300C0F1AF /* Delegates */,
				843A10C62054B12700C0F1AF /* Extensions */,
				843A10B720549DCC00C0F1AF /* Utils */,
				849316F92054439200E6A25E /* Provider */,
				849316F220543C4E00E6A25E /* User Interface */,
				849316EF2054229800E6A25E /* ViewModel */,
				849316EE2054228F00E6A25E /* View */,
				849316ED2054227C00E6A25E /* Model */,
				849316DB2054225B00E6A25E /* AppDelegate.swift */,
				849316E22054225B00E6A25E /* Assets.xcassets */,
				849316E42054225B00E6A25E /* LaunchScreen.storyboard */,
				849316E72054225B00E6A25E /* Info.plist */,
			);
			path = MyMovie;
			sourceTree = "<group>";
		};
		849316ED2054227C00E6A25E /* Model */ = {
			isa = PBXGroup;
			children = (
				849316FC205443B900E6A25E /* Movie.swift */,
				849316FE2054448100E6A25E /* Genre.swift */,
			);
			path = Model;
			sourceTree = "<group>";
		};
		849316EE2054228F00E6A25E /* View */ = {
			isa = PBXGroup;
			children = (
				843A10DC2055CF4F00C0F1AF /* Genres */,
				843A10D120558B2600C0F1AF /* ActivityView */,
				843A10C12054ABA900C0F1AF /* Home */,
			);
			path = View;
			sourceTree = "<group>";
		};
		849316EF2054229800E6A25E /* ViewModel */ = {
			isa = PBXGroup;
			children = (
				843A10C22054AD4000C0F1AF /* Home */,
			);
			path = ViewModel;
			sourceTree = "<group>";
		};
		849316F220543C4E00E6A25E /* User Interface */ = {
			isa = PBXGroup;
			children = (
				849316F720543F9400E6A25E /* Main.storyboard */,
				843A10CF20558AAA00C0F1AF /* LoadView.xib */,
			);
			path = "User Interface";
			sourceTree = "<group>";
		};
		849316F92054439200E6A25E /* Provider */ = {
			isa = PBXGroup;
			children = (
				849316FA205443AC00E6A25E /* ApiProvider.swift */,
			);
			path = Provider;
			sourceTree = "<group>";
		};
		CD097005604BF3301EB73D16 /* Frameworks */ = {
			isa = PBXGroup;
			children = (
				1DC35B14A8468708BD596DE1 /* Pods_MyMovie.framework */,
			);
			name = Frameworks;
			sourceTree = "<group>";
		};
/* End PBXGroup section */

/* Begin PBXNativeTarget section */
		849316D72054225A00E6A25E /* MyMovie */ = {
			isa = PBXNativeTarget;
			buildConfigurationList = 849316EA2054225B00E6A25E /* Build configuration list for PBXNativeTarget "MyMovie" */;
			buildPhases = (
				E0F6DEB4C437627B4665C7D2 /* [CP] Check Pods Manifest.lock */,
				849316D42054225A00E6A25E /* Sources */,
				849316D52054225A00E6A25E /* Frameworks */,
				849316D62054225A00E6A25E /* Resources */,
				C2695FCB7EECFC0FFEA68DB3 /* [CP] Embed Pods Frameworks */,
				7A11F9D10925D55C3B2B7BF7 /* [CP] Copy Pods Resources */,
			);
			buildRules = (
			);
			dependencies = (
			);
			name = MyMovie;
			productName = MyMovie;
			productReference = 849316D82054225A00E6A25E /* MyMovie.app */;
			productType = "com.apple.product-type.application";
		};
/* End PBXNativeTarget section */

/* Begin PBXProject section */
		849316D02054225A00E6A25E /* Project object */ = {
			isa = PBXProject;
			attributes = {
				LastSwiftUpdateCheck = 0920;
				LastUpgradeCheck = 0920;
				ORGANIZATIONNAME = "Sakura Soft";
				TargetAttributes = {
					849316D72054225A00E6A25E = {
						CreatedOnToolsVersion = 9.2;
						ProvisioningStyle = Automatic;
					};
				};
			};
			buildConfigurationList = 849316D32054225A00E6A25E /* Build configuration list for PBXProject "MyMovie" */;
			compatibilityVersion = "Xcode 8.0";
			developmentRegion = en;
			hasScannedForEncodings = 0;
			knownRegions = (
				en,
				Base,
			);
			mainGroup = 849316CF2054225A00E6A25E;
			productRefGroup = 849316D92054225A00E6A25E /* Products */;
			projectDirPath = "";
			projectRoot = "";
			targets = (
				849316D72054225A00E6A25E /* MyMovie */,
			);
		};
/* End PBXProject section */

/* Begin PBXResourcesBuildPhase section */
		849316D62054225A00E6A25E /* Resources */ = {
			isa = PBXResourcesBuildPhase;
			buildActionMask = 2147483647;
			files = (
				843A10D020558AAA00C0F1AF /* LoadView.xib in Resources */,
				849316F820543F9400E6A25E /* Main.storyboard in Resources */,
				843A10F5205614D100C0F1AF /* Background.png in Resources */,
				849316E62054225B00E6A25E /* LaunchScreen.storyboard in Resources */,
				849316E32054225B00E6A25E /* Assets.xcassets in Resources */,
			);
			runOnlyForDeploymentPostprocessing = 0;
		};
/* End PBXResourcesBuildPhase section */

/* Begin PBXShellScriptBuildPhase section */
		7A11F9D10925D55C3B2B7BF7 /* [CP] Copy Pods Resources */ = {
			isa = PBXShellScriptBuildPhase;
			buildActionMask = 2147483647;
			files = (
			);
			inputPaths = (
			);
			name = "[CP] Copy Pods Resources";
			outputPaths = (
			);
			runOnlyForDeploymentPostprocessing = 0;
			shellPath = /bin/sh;
			shellScript = "\"${SRCROOT}/Pods/Target Support Files/Pods-MyMovie/Pods-MyMovie-resources.sh\"\n";
			showEnvVarsInLog = 0;
		};
		C2695FCB7EECFC0FFEA68DB3 /* [CP] Embed Pods Frameworks */ = {
			isa = PBXShellScriptBuildPhase;
			buildActionMask = 2147483647;
			files = (
			);
			inputPaths = (
				"${SRCROOT}/Pods/Target Support Files/Pods-MyMovie/Pods-MyMovie-frameworks.sh",
				"${BUILT_PRODUCTS_DIR}/Alamofire/Alamofire.framework",
			);
			name = "[CP] Embed Pods Frameworks";
			outputPaths = (
				"${TARGET_BUILD_DIR}/${FRAMEWORKS_FOLDER_PATH}/Alamofire.framework",
			);
			runOnlyForDeploymentPostprocessing = 0;
			shellPath = /bin/sh;
			shellScript = "\"${SRCROOT}/Pods/Target Support Files/Pods-MyMovie/Pods-MyMovie-frameworks.sh\"\n";
			showEnvVarsInLog = 0;
		};
		E0F6DEB4C437627B4665C7D2 /* [CP] Check Pods Manifest.lock */ = {
			isa = PBXShellScriptBuildPhase;
			buildActionMask = 2147483647;
			files = (
			);
			inputPaths = (
				"${PODS_PODFILE_DIR_PATH}/Podfile.lock",
				"${PODS_ROOT}/Manifest.lock",
			);
			name = "[CP] Check Pods Manifest.lock";
			outputPaths = (
				"$(DERIVED_FILE_DIR)/Pods-MyMovie-checkManifestLockResult.txt",
			);
			runOnlyForDeploymentPostprocessing = 0;
			shellPath = /bin/sh;
			shellScript = "diff \"${PODS_PODFILE_DIR_PATH}/Podfile.lock\" \"${PODS_ROOT}/Manifest.lock\" > /dev/null\nif [ $? != 0 ] ; then\n    # print error to STDERR\n    echo \"error: The sandbox is not in sync with the Podfile.lock. Run 'pod install' or update your CocoaPods installation.\" >&2\n    exit 1\nfi\n# This output is used by Xcode 'outputs' to avoid re-running this script phase.\necho \"SUCCESS\" > \"${SCRIPT_OUTPUT_FILE_0}\"\n";
			showEnvVarsInLog = 0;
		};
/* End PBXShellScriptBuildPhase section */

/* Begin PBXSourcesBuildPhase section */
		849316D42054225A00E6A25E /* Sources */ = {
			isa = PBXSourcesBuildPhase;
			buildActionMask = 2147483647;
			files = (
				843A10D920558FF300C0F1AF /* HomeMoviesCollectionViewCell.swift in Sources */,
				849317032054504500E6A25E /* HomeTableViewModel.swift in Sources */,
				849316F12054275900E6A25E /* HomeTableViewController.swift in Sources */,
				843A10EA2055E41C00C0F1AF /* MovieListTableViewController.swift in Sources */,
				849316FB205443AC00E6A25E /* ApiProvider.swift in Sources */,
				843A10D720558FE400C0F1AF /* MainMoviesCollectionViewCell.swift in Sources */,
				849316FF2054448100E6A25E /* Genre.swift in Sources */,
				843A10D320558B3A00C0F1AF /* ActivityView.swift in Sources */,
				843A10ED2055E63200C0F1AF /* MovieListTableViewCell.swift in Sources */,
				843A10F0205602C600C0F1AF /* MovieDetailTableViewController.swift in Sources */,
				843A10DE2055CF6300C0F1AF /* GenresTableViewController.swift in Sources */,
				849316DC2054225B00E6A25E /* AppDelegate.swift in Sources */,
				843A10C52054AE2900C0F1AF /* MainMoviesCellViewMOdel.swift in Sources */,
				843A10BE2054A73600C0F1AF /* MainMoviesTableViewCell.swift in Sources */,
				843A10D520558FBA00C0F1AF /* HomeMoviesTableViewCell.swift in Sources */,
				849316FD205443B900E6A25E /* Movie.swift in Sources */,
				843A10F2205608D200C0F1AF /* Delegates.swift in Sources */,
				843A10C82054B13900C0F1AF /* ImageViewExtension.swift in Sources */,
				843A10B920549DDF00C0F1AF /* Constants.swift in Sources */,
				843A10E12055D0A700C0F1AF /* GenreTableViewCell.swift in Sources */,
			);
			runOnlyForDeploymentPostprocessing = 0;
		};
/* End PBXSourcesBuildPhase section */

/* Begin PBXVariantGroup section */
		849316E42054225B00E6A25E /* LaunchScreen.storyboard */ = {
			isa = PBXVariantGroup;
			children = (
				849316E52054225B00E6A25E /* Base */,
			);
			name = LaunchScreen.storyboard;
			sourceTree = "<group>";
		};
/* End PBXVariantGroup section */

/* Begin XCBuildConfiguration section */
		849316E82054225B00E6A25E /* Debug */ = {
			isa = XCBuildConfiguration;
			buildSettings = {
				ALWAYS_SEARCH_USER_PATHS = NO;
				CLANG_ANALYZER_NONNULL = YES;
				CLANG_ANALYZER_NUMBER_OBJECT_CONVERSION = YES_AGGRESSIVE;
				CLANG_CXX_LANGUAGE_STANDARD = "gnu++14";
				CLANG_CXX_LIBRARY = "libc++";
				CLANG_ENABLE_MODULES = YES;
				CLANG_ENABLE_OBJC_ARC = YES;
				CLANG_WARN_BLOCK_CAPTURE_AUTORELEASING = YES;
				CLANG_WARN_BOOL_CONVERSION = YES;
				CLANG_WARN_COMMA = YES;
				CLANG_WARN_CONSTANT_CONVERSION = YES;
				CLANG_WARN_DIRECT_OBJC_ISA_USAGE = YES_ERROR;
				CLANG_WARN_DOCUMENTATION_COMMENTS = YES;
				CLANG_WARN_EMPTY_BODY = YES;
				CLANG_WARN_ENUM_CONVERSION = YES;
				CLANG_WARN_INFINITE_RECURSION = YES;
				CLANG_WARN_INT_CONVERSION = YES;
				CLANG_WARN_NON_LITERAL_NULL_CONVERSION = YES;
				CLANG_WARN_OBJC_LITERAL_CONVERSION = YES;
				CLANG_WARN_OBJC_ROOT_CLASS = YES_ERROR;
				CLANG_WARN_RANGE_LOOP_ANALYSIS = YES;
				CLANG_WARN_STRICT_PROTOTYPES = YES;
				CLANG_WARN_SUSPICIOUS_MOVE = YES;
				CLANG_WARN_UNGUARDED_AVAILABILITY = YES_AGGRESSIVE;
				CLANG_WARN_UNREACHABLE_CODE = YES;
				CLANG_WARN__DUPLICATE_METHOD_MATCH = YES;
				CODE_SIGN_IDENTITY = "iPhone Developer";
				COPY_PHASE_STRIP = NO;
				DEBUG_INFORMATION_FORMAT = dwarf;
				ENABLE_STRICT_OBJC_MSGSEND = YES;
				ENABLE_TESTABILITY = YES;
				GCC_C_LANGUAGE_STANDARD = gnu11;
				GCC_DYNAMIC_NO_PIC = NO;
				GCC_NO_COMMON_BLOCKS = YES;
				GCC_OPTIMIZATION_LEVEL = 0;
				GCC_PREPROCESSOR_DEFINITIONS = (
					"DEBUG=1",
					"$(inherited)",
				);
				GCC_WARN_64_TO_32_BIT_CONVERSION = YES;
				GCC_WARN_ABOUT_RETURN_TYPE = YES_ERROR;
				GCC_WARN_UNDECLARED_SELECTOR = YES;
				GCC_WARN_UNINITIALIZED_AUTOS = YES_AGGRESSIVE;
				GCC_WARN_UNUSED_FUNCTION = YES;
				GCC_WARN_UNUSED_VARIABLE = YES;
				IPHONEOS_DEPLOYMENT_TARGET = 11.2;
				MTL_ENABLE_DEBUG_INFO = YES;
				ONLY_ACTIVE_ARCH = YES;
				SDKROOT = iphoneos;
				SWIFT_ACTIVE_COMPILATION_CONDITIONS = DEBUG;
				SWIFT_OPTIMIZATION_LEVEL = "-Onone";
			};
			name = Debug;
		};
		849316E92054225B00E6A25E /* Release */ = {
			isa = XCBuildConfiguration;
			buildSettings = {
				ALWAYS_SEARCH_USER_PATHS = NO;
				CLANG_ANALYZER_NONNULL = YES;
				CLANG_ANALYZER_NUMBER_OBJECT_CONVERSION = YES_AGGRESSIVE;
				CLANG_CXX_LANGUAGE_STANDARD = "gnu++14";
				CLANG_CXX_LIBRARY = "libc++";
				CLANG_ENABLE_MODULES = YES;
				CLANG_ENABLE_OBJC_ARC = YES;
				CLANG_WARN_BLOCK_CAPTURE_AUTORELEASING = YES;
				CLANG_WARN_BOOL_CONVERSION = YES;
				CLANG_WARN_COMMA = YES;
				CLANG_WARN_CONSTANT_CONVERSION = YES;
				CLANG_WARN_DIRECT_OBJC_ISA_USAGE = YES_ERROR;
				CLANG_WARN_DOCUMENTATION_COMMENTS = YES;
				CLANG_WARN_EMPTY_BODY = YES;
				CLANG_WARN_ENUM_CONVERSION = YES;
				CLANG_WARN_INFINITE_RECURSION = YES;
				CLANG_WARN_INT_CONVERSION = YES;
				CLANG_WARN_NON_LITERAL_NULL_CONVERSION = YES;
				CLANG_WARN_OBJC_LITERAL_CONVERSION = YES;
				CLANG_WARN_OBJC_ROOT_CLASS = YES_ERROR;
				CLANG_WARN_RANGE_LOOP_ANALYSIS = YES;
				CLANG_WARN_STRICT_PROTOTYPES = YES;
				CLANG_WARN_SUSPICIOUS_MOVE = YES;
				CLANG_WARN_UNGUARDED_AVAILABILITY = YES_AGGRESSIVE;
				CLANG_WARN_UNREACHABLE_CODE = YES;
				CLANG_WARN__DUPLICATE_METHOD_MATCH = YES;
				CODE_SIGN_IDENTITY = "iPhone Developer";
				COPY_PHASE_STRIP = NO;
				DEBUG_INFORMATION_FORMAT = "dwarf-with-dsym";
				ENABLE_NS_ASSERTIONS = NO;
				ENABLE_STRICT_OBJC_MSGSEND = YES;
				GCC_C_LANGUAGE_STANDARD = gnu11;
				GCC_NO_COMMON_BLOCKS = YES;
				GCC_WARN_64_TO_32_BIT_CONVERSION = YES;
				GCC_WARN_ABOUT_RETURN_TYPE = YES_ERROR;
				GCC_WARN_UNDECLARED_SELECTOR = YES;
				GCC_WARN_UNINITIALIZED_AUTOS = YES_AGGRESSIVE;
				GCC_WARN_UNUSED_FUNCTION = YES;
				GCC_WARN_UNUSED_VARIABLE = YES;
				IPHONEOS_DEPLOYMENT_TARGET = 11.2;
				MTL_ENABLE_DEBUG_INFO = NO;
				SDKROOT = iphoneos;
				SWIFT_OPTIMIZATION_LEVEL = "-Owholemodule";
				VALIDATE_PRODUCT = YES;
			};
			name = Release;
		};
		849316EB2054225B00E6A25E /* Debug */ = {
			isa = XCBuildConfiguration;
			baseConfigurationReference = AF7CE9A5FF63117AA7C56EE6 /* Pods-MyMovie.debug.xcconfig */;
			buildSettings = {
				ASSETCATALOG_COMPILER_APPICON_NAME = AppIcon;
				CODE_SIGN_STYLE = Automatic;
				DEVELOPMENT_TEAM = S79QP49F29;
				INFOPLIST_FILE = MyMovie/Info.plist;
				IPHONEOS_DEPLOYMENT_TARGET = 10.0;
				LD_RUNPATH_SEARCH_PATHS = "$(inherited) @executable_path/Frameworks";
				PRODUCT_BUNDLE_IDENTIFIER = com.sakuraSoft.MyMovie;
				PRODUCT_NAME = "$(TARGET_NAME)";
				SWIFT_VERSION = 4.0;
				TARGETED_DEVICE_FAMILY = 1;
			};
			name = Debug;
		};
		849316EC2054225B00E6A25E /* Release */ = {
			isa = XCBuildConfiguration;
			baseConfigurationReference = 59A006D70150016FADEAF4EC /* Pods-MyMovie.release.xcconfig */;
			buildSettings = {
				ASSETCATALOG_COMPILER_APPICON_NAME = AppIcon;
				CODE_SIGN_STYLE = Automatic;
				DEVELOPMENT_TEAM = S79QP49F29;
				INFOPLIST_FILE = MyMovie/Info.plist;
				IPHONEOS_DEPLOYMENT_TARGET = 10.0;
				LD_RUNPATH_SEARCH_PATHS = "$(inherited) @executable_path/Frameworks";
				PRODUCT_BUNDLE_IDENTIFIER = com.sakuraSoft.MyMovie;
				PRODUCT_NAME = "$(TARGET_NAME)";
				SWIFT_VERSION = 4.0;
				TARGETED_DEVICE_FAMILY = 1;
			};
			name = Release;
		};
/* End XCBuildConfiguration section */

/* Begin XCConfigurationList section */
		849316D32054225A00E6A25E /* Build configuration list for PBXProject "MyMovie" */ = {
			isa = XCConfigurationList;
			buildConfigurations = (
				849316E82054225B00E6A25E /* Debug */,
				849316E92054225B00E6A25E /* Release */,
			);
			defaultConfigurationIsVisible = 0;
			defaultConfigurationName = Release;
		};
		849316EA2054225B00E6A25E /* Build configuration list for PBXNativeTarget "MyMovie" */ = {
			isa = XCConfigurationList;
			buildConfigurations = (
				849316EB2054225B00E6A25E /* Debug */,
				849316EC2054225B00E6A25E /* Release */,
			);
			defaultConfigurationIsVisible = 0;
			defaultConfigurationName = Release;
		};
/* End XCConfigurationList section */
	};
	rootObject = 849316D02054225A00E6A25E /* Project object */;
}
